// !$*UTF8*$!
{
	archiveVersion = 1;
	classes = {
	};
	objectVersion = 50;
	objects = {

/* Begin PBXBuildFile section */
		9737F63B257AE95A0025A78E /* AppDelegate.swift in Sources */ = {isa = PBXBuildFile; fileRef = 9737F63A257AE95A0025A78E /* AppDelegate.swift */; };
		9737F63D257AE95A0025A78E /* SceneDelegate.swift in Sources */ = {isa = PBXBuildFile; fileRef = 9737F63C257AE95A0025A78E /* SceneDelegate.swift */; };
		9737F63F257AE95A0025A78E /* ToDoListViewController.swift in Sources */ = {isa = PBXBuildFile; fileRef = 9737F63E257AE95A0025A78E /* ToDoListViewController.swift */; };
		9737F642257AE95A0025A78E /* Main.storyboard in Resources */ = {isa = PBXBuildFile; fileRef = 9737F640257AE95A0025A78E /* Main.storyboard */; };
		9737F644257AE95B0025A78E /* Assets.xcassets in Resources */ = {isa = PBXBuildFile; fileRef = 9737F643257AE95B0025A78E /* Assets.xcassets */; };
		9737F647257AE95B0025A78E /* LaunchScreen.storyboard in Resources */ = {isa = PBXBuildFile; fileRef = 9737F645257AE95B0025A78E /* LaunchScreen.storyboard */; };
		9737F65A257AFAE30025A78E /* ToDoBrain.swift in Sources */ = {isa = PBXBuildFile; fileRef = 9737F659257AFAE30025A78E /* ToDoBrain.swift */; };
		9737F682257B15E40025A78E /* DataModel.xcdatamodeld in Sources */ = {isa = PBXBuildFile; fileRef = 9737F680257B15E40025A78E /* DataModel.xcdatamodeld */; };
		97CF5826257C9C1200EA4E01 /* CategoryViewController.swift in Sources */ = {isa = PBXBuildFile; fileRef = 97CF5825257C9C1200EA4E01 /* CategoryViewController.swift */; };
/* End PBXBuildFile section */

/* Begin PBXFileReference section */
		9737F637257AE95A0025A78E /* ToDoList.app */ = {isa = PBXFileReference; explicitFileType = wrapper.application; includeInIndex = 0; path = ToDoList.app; sourceTree = BUILT_PRODUCTS_DIR; };
		9737F63A257AE95A0025A78E /* AppDelegate.swift */ = {isa = PBXFileReference; lastKnownFileType = sourcecode.swift; path = AppDelegate.swift; sourceTree = "<group>"; };
		9737F63C257AE95A0025A78E /* SceneDelegate.swift */ = {isa = PBXFileReference; lastKnownFileType = sourcecode.swift; path = SceneDelegate.swift; sourceTree = "<group>"; };
		9737F63E257AE95A0025A78E /* ToDoListViewController.swift */ = {isa = PBXFileReference; lastKnownFileType = sourcecode.swift; path = ToDoListViewController.swift; sourceTree = "<group>"; };
		9737F641257AE95A0025A78E /* Base */ = {isa = PBXFileReference; lastKnownFileType = file.storyboard; name = Base; path = Base.lproj/Main.storyboard; sourceTree = "<group>"; };
		9737F643257AE95B0025A78E /* Assets.xcassets */ = {isa = PBXFileReference; lastKnownFileType = folder.assetcatalog; path = Assets.xcassets; sourceTree = "<group>"; };
		9737F646257AE95B0025A78E /* Base */ = {isa = PBXFileReference; lastKnownFileType = file.storyboard; name = Base; path = Base.lproj/LaunchScreen.storyboard; sourceTree = "<group>"; };
		9737F648257AE95B0025A78E /* Info.plist */ = {isa = PBXFileReference; lastKnownFileType = text.plist.xml; path = Info.plist; sourceTree = "<group>"; };
		9737F659257AFAE30025A78E /* ToDoBrain.swift */ = {isa = PBXFileReference; lastKnownFileType = sourcecode.swift; path = ToDoBrain.swift; sourceTree = "<group>"; };
		9737F681257B15E40025A78E /* DataModel.xcdatamodel */ = {isa = PBXFileReference; lastKnownFileType = wrapper.xcdatamodel; path = DataModel.xcdatamodel; sourceTree = "<group>"; };
		97CF5825257C9C1200EA4E01 /* CategoryViewController.swift */ = {isa = PBXFileReference; lastKnownFileType = sourcecode.swift; path = CategoryViewController.swift; sourceTree = "<group>"; };
/* End PBXFileReference section */

/* Begin PBXFrameworksBuildPhase section */
		9737F634257AE95A0025A78E /* Frameworks */ = {
			isa = PBXFrameworksBuildPhase;
			buildActionMask = 2147483647;
			files = (
			);
			runOnlyForDeploymentPostprocessing = 0;
		};
/* End PBXFrameworksBuildPhase section */

/* Begin PBXGroup section */
		9737F62E257AE95A0025A78E = {
			isa = PBXGroup;
			children = (
				9737F639257AE95A0025A78E /* ToDoList */,
				9737F638257AE95A0025A78E /* Products */,
			);
			sourceTree = "<group>";
		};
		9737F638257AE95A0025A78E /* Products */ = {
			isa = PBXGroup;
			children = (
				9737F637257AE95A0025A78E /* ToDoList.app */,
			);
			name = Products;
			sourceTree = "<group>";
		};
		9737F639257AE95A0025A78E /* ToDoList */ = {
			isa = PBXGroup;
			children = (
				9737F63A257AE95A0025A78E /* AppDelegate.swift */,
				9737F63C257AE95A0025A78E /* SceneDelegate.swift */,
				9737F656257AE9A80025A78E /* Model */,
				9737F64F257AE9610025A78E /* Controller */,
				9737F651257AE9680025A78E /* View */,
				9737F652257AE9700025A78E /* Supporting Files */,
				9737F648257AE95B0025A78E /* Info.plist */,
				9737F680257B15E40025A78E /* DataModel.xcdatamodeld */,
			);
			path = ToDoList;
			sourceTree = "<group>";
		};
		9737F64F257AE9610025A78E /* Controller */ = {
			isa = PBXGroup;
			children = (
				97CF5825257C9C1200EA4E01 /* CategoryViewController.swift */,
				9737F63E257AE95A0025A78E /* ToDoListViewController.swift */,
			);
			path = Controller;
			sourceTree = "<group>";
		};
		9737F651257AE9680025A78E /* View */ = {
			isa = PBXGroup;
			children = (
				9737F640257AE95A0025A78E /* Main.storyboard */,
			);
			path = View;
			sourceTree = "<group>";
		};
		9737F652257AE9700025A78E /* Supporting Files */ = {
			isa = PBXGroup;
			children = (
				9737F643257AE95B0025A78E /* Assets.xcassets */,
				9737F645257AE95B0025A78E /* LaunchScreen.storyboard */,
			);
			path = "Supporting Files";
			sourceTree = "<group>";
		};
		9737F656257AE9A80025A78E /* Model */ = {
			isa = PBXGroup;
			children = (
				9737F659257AFAE30025A78E /* ToDoBrain.swift */,
			);
			path = Model;
			sourceTree = "<group>";
		};
/* End PBXGroup section */

/* Begin PBXNativeTarget section */
		9737F636257AE95A0025A78E /* ToDoList */ = {
			isa = PBXNativeTarget;
			buildConfigurationList = 9737F64B257AE95B0025A78E /* Build configuration list for PBXNativeTarget "ToDoList" */;
			buildPhases = (
				9737F633257AE95A0025A78E /* Sources */,
				9737F634257AE95A0025A78E /* Frameworks */,
				9737F635257AE95A0025A78E /* Resources */,
			);
			buildRules = (
			);
			dependencies = (
			);
			name = ToDoList;
			productName = ToDoList;
			productReference = 9737F637257AE95A0025A78E /* ToDoList.app */;
			productType = "com.apple.product-type.application";
		};
/* End PBXNativeTarget section */

/* Begin PBXProject section */
		9737F62F257AE95A0025A78E /* Project object */ = {
			isa = PBXProject;
			attributes = {
				LastSwiftUpdateCheck = 1210;
				LastUpgradeCheck = 1210;
				TargetAttributes = {
					9737F636257AE95A0025A78E = {
						CreatedOnToolsVersion = 12.1;
					};
				};
			};
			buildConfigurationList = 9737F632257AE95A0025A78E /* Build configuration list for PBXProject "ToDoList" */;
			compatibilityVersion = "Xcode 9.3";
			developmentRegion = en;
			hasScannedForEncodings = 0;
			knownRegions = (
				en,
				Base,
			);
			mainGroup = 9737F62E257AE95A0025A78E;
			productRefGroup = 9737F638257AE95A0025A78E /* Products */;
			projectDirPath = "";
			projectRoot = "";
			targets = (
				9737F636257AE95A0025A78E /* ToDoList */,
			);
		};
/* End PBXProject section */

/* Begin PBXResourcesBuildPhase section */
		9737F635257AE95A0025A78E /* Resources */ = {
			isa = PBXResourcesBuildPhase;
			buildActionMask = 2147483647;
			files = (
				9737F647257AE95B0025A78E /* LaunchScreen.storyboard in Resources */,
				9737F644257AE95B0025A78E /* Assets.xcassets in Resources */,
				9737F642257AE95A0025A78E /* Main.storyboard in Resources */,
			);
			runOnlyForDeploymentPostprocessing = 0;
		};
/* End PBXResourcesBuildPhase section */

/* Begin PBXSourcesBuildPhase section */
		9737F633257AE95A0025A78E /* Sources */ = {
			isa = PBXSourcesBuildPhase;
			buildActionMask = 2147483647;
			files = (
				9737F63F257AE95A0025A78E /* ToDoListViewController.swift in Sources */,
				9737F63B257AE95A0025A78E /* AppDelegate.swift in Sources */,
				9737F682257B15E40025A78E /* DataModel.xcdatamodeld in Sources */,
				9737F63D257AE95A0025A78E /* SceneDelegate.swift in Sources */,
				97CF5826257C9C1200EA4E01 /* CategoryViewController.swift in Sources */,
				9737F65A257AFAE30025A78E /* ToDoBrain.swift in Sources */,
			);
			runOnlyForDeploymentPostprocessing = 0;
		};
/* End PBXSourcesBuildPhase section */

/* Begin PBXVariantGroup section */
		9737F640257AE95A0025A78E /* Main.storyboard */ = {
			isa = PBXVariantGroup;
			children = (
				9737F641257AE95A0025A78E /* Base */,
			);
			name = Main.storyboard;
			sourceTree = "<group>";
		};
		9737F645257AE95B0025A78E /* LaunchScreen.storyboard */ = {
			isa = PBXVariantGroup;
			children = (
				9737F646257AE95B0025A78E /* Base */,
			);
			name = LaunchScreen.storyboard;
			sourceTree = "<group>";
		};
/* End PBXVariantGroup section */

/* Begin XCBuildConfiguration section */
		9737F649257AE95B0025A78E /* Debug */ = {
			isa = XCBuildConfiguration;
			buildSettings = {
				ALWAYS_SEARCH_USER_PATHS = NO;
				CLANG_ANALYZER_NONNULL = YES;
				CLANG_ANALYZER_NUMBER_OBJECT_CONVERSION = YES_AGGRESSIVE;
				CLANG_CXX_LANGUAGE_STANDARD = "gnu++14";
				CLANG_CXX_LIBRARY = "libc++";
				CLANG_ENABLE_MODULES = YES;
				CLANG_ENABLE_OBJC_ARC = YES;
				CLANG_ENABLE_OBJC_WEAK = YES;
				CLANG_WARN_BLOCK_CAPTURE_AUTORELEASING = YES;
				CLANG_WARN_BOOL_CONVERSION = YES;
				CLANG_WARN_COMMA = YES;
				CLANG_WARN_CONSTANT_CONVERSION = YES;
				CLANG_WARN_DEPRECATED_OBJC_IMPLEMENTATIONS = YES;
				CLANG_WARN_DIRECT_OBJC_ISA_USAGE = YES_ERROR;
				CLANG_WARN_DOCUMENTATION_COMMENTS = YES;
				CLANG_WARN_EMPTY_BODY = YES;
				CLANG_WARN_ENUM_CONVERSION = YES;
				CLANG_WARN_INFINITE_RECURSION = YES;
				CLANG_WARN_INT_CONVERSION = YES;
				CLANG_WARN_NON_LITERAL_NULL_CONVERSION = YES;
				CLANG_WARN_OBJC_IMPLICIT_RETAIN_SELF = YES;
				CLANG_WARN_OBJC_LITERAL_CONVERSION = YES;
				CLANG_WARN_OBJC_ROOT_CLASS = YES_ERROR;
				CLANG_WARN_QUOTED_INCLUDE_IN_FRAMEWORK_HEADER = YES;
				CLANG_WARN_RANGE_LOOP_ANALYSIS = YES;
				CLANG_WARN_STRICT_PROTOTYPES = YES;
				CLANG_WARN_SUSPICIOUS_MOVE = YES;
				CLANG_WARN_UNGUARDED_AVAILABILITY = YES_AGGRESSIVE;
				CLANG_WARN_UNREACHABLE_CODE = YES;
				CLANG_WARN__DUPLICATE_METHOD_MATCH = YES;
				COPY_PHASE_STRIP = NO;
				DEBUG_INFORMATION_FORMAT = dwarf;
				ENABLE_STRICT_OBJC_MSGSEND = YES;
				ENABLE_TESTABILITY = YES;
				GCC_C_LANGUAGE_STANDARD = gnu11;
				GCC_DYNAMIC_NO_PIC = NO;
				GCC_NO_COMMON_BLOCKS = YES;
				GCC_OPTIMIZATION_LEVEL = 0;
				GCC_PREPROCESSOR_DEFINITIONS = (
					"DEBUG=1",
					"$(inherited)",
				);
				GCC_WARN_64_TO_32_BIT_CONVERSION = YES;
				GCC_WARN_ABOUT_RETURN_TYPE = YES_ERROR;
				GCC_WARN_UNDECLARED_SELECTOR = YES;
				GCC_WARN_UNINITIALIZED_AUTOS = YES_AGGRESSIVE;
				GCC_WARN_UNUSED_FUNCTION = YES;
				GCC_WARN_UNUSED_VARIABLE = YES;
				IPHONEOS_DEPLOYMENT_TARGET = 14.1;
				MTL_ENABLE_DEBUG_INFO = INCLUDE_SOURCE;
				MTL_FAST_MATH = YES;
				ONLY_ACTIVE_ARCH = YES;
				SDKROOT = iphoneos;
				SWIFT_ACTIVE_COMPILATION_CONDITIONS = DEBUG;
				SWIFT_OPTIMIZATION_LEVEL = "-Onone";
			};
			name = Debug;
		};
		9737F64A257AE95B0025A78E /* Release */ = {
			isa = XCBuildConfiguration;
			buildSettings = {
				ALWAYS_SEARCH_USER_PATHS = NO;
				CLANG_ANALYZER_NONNULL = YES;
				CLANG_ANALYZER_NUMBER_OBJECT_CONVERSION = YES_AGGRESSIVE;
				CLANG_CXX_LANGUAGE_STANDARD = "gnu++14";
				CLANG_CXX_LIBRARY = "libc++";
				CLANG_ENABLE_MODULES = YES;
				CLANG_ENABLE_OBJC_ARC = YES;
				CLANG_ENABLE_OBJC_WEAK = YES;
				CLANG_WARN_BLOCK_CAPTURE_AUTORELEASING = YES;
				CLANG_WARN_BOOL_CONVERSION = YES;
				CLANG_WARN_COMMA = YES;
				CLANG_WARN_CONSTANT_CONVERSION = YES;
				CLANG_WARN_DEPRECATED_OBJC_IMPLEMENTATIONS = YES;
				CLANG_WARN_DIRECT_OBJC_ISA_USAGE = YES_ERROR;
				CLANG_WARN_DOCUMENTATION_COMMENTS = YES;
				CLANG_WARN_EMPTY_BODY = YES;
				CLANG_WARN_ENUM_CONVERSION = YES;
				CLANG_WARN_INFINITE_RECURSION = YES;
				CLANG_WARN_INT_CONVERSION = YES;
				CLANG_WARN_NON_LITERAL_NULL_CONVERSION = YES;
				CLANG_WARN_OBJC_IMPLICIT_RETAIN_SELF = YES;
				CLANG_WARN_OBJC_LITERAL_CONVERSION = YES;
				CLANG_WARN_OBJC_ROOT_CLASS = YES_ERROR;
				CLANG_WARN_QUOTED_INCLUDE_IN_FRAMEWORK_HEADER = YES;
				CLANG_WARN_RANGE_LOOP_ANALYSIS = YES;
				CLANG_WARN_STRICT_PROTOTYPES = YES;
				CLANG_WARN_SUSPICIOUS_MOVE = YES;
				CLANG_WARN_UNGUARDED_AVAILABILITY = YES_AGGRESSIVE;
				CLANG_WARN_UNREACHABLE_CODE = YES;
				CLANG_WARN__DUPLICATE_METHOD_MATCH = YES;
				COPY_PHASE_STRIP = NO;
				DEBUG_INFORMATION_FORMAT = "dwarf-with-dsym";
				ENABLE_NS_ASSERTIONS = NO;
				ENABLE_STRICT_OBJC_MSGSEND = YES;
				GCC_C_LANGUAGE_STANDARD = gnu11;
				GCC_NO_COMMON_BLOCKS = YES;
				GCC_WARN_64_TO_32_BIT_CONVERSION = YES;
				GCC_WARN_ABOUT_RETURN_TYPE = YES_ERROR;
				GCC_WARN_UNDECLARED_SELECTOR = YES;
				GCC_WARN_UNINITIALIZED_AUTOS = YES_AGGRESSIVE;
				GCC_WARN_UNUSED_FUNCTION = YES;
				GCC_WARN_UNUSED_VARIABLE = YES;
				IPHONEOS_DEPLOYMENT_TARGET = 14.1;
				MTL_ENABLE_DEBUG_INFO = NO;
				MTL_FAST_MATH = YES;
				SDKROOT = iphoneos;
				SWIFT_COMPILATION_MODE = wholemodule;
				SWIFT_OPTIMIZATION_LEVEL = "-O";
				VALIDATE_PRODUCT = YES;
			};
			name = Release;
		};
		9737F64C257AE95B0025A78E /* Debug */ = {
			isa = XCBuildConfiguration;
			buildSettings = {
				ASSETCATALOG_COMPILER_APPICON_NAME = AppIcon;
				ASSETCATALOG_COMPILER_GLOBAL_ACCENT_COLOR_NAME = AccentColor;
				CODE_SIGN_STYLE = Automatic;
				DEVELOPMENT_TEAM = FQ52H34MLU;
				INFOPLIST_FILE = ToDoList/Info.plist;
				LD_RUNPATH_SEARCH_PATHS = (
					"$(inherited)",
					"@executable_path/Frameworks",
				);
				PRODUCT_BUNDLE_IDENTIFIER = com.roypark.ToDoList;
				PRODUCT_NAME = "$(TARGET_NAME)";
				SWIFT_VERSION = 5.0;
				TARGETED_DEVICE_FAMILY = "1,2";
			};
			name = Debug;
		};
		9737F64D257AE95B0025A78E /* Release */ = {
			isa = XCBuildConfiguration;
			buildSettings = {
				ASSETCATALOG_COMPILER_APPICON_NAME = AppIcon;
				ASSETCATALOG_COMPILER_GLOBAL_ACCENT_COLOR_NAME = AccentColor;
				CODE_SIGN_STYLE = Automatic;
				DEVELOPMENT_TEAM = FQ52H34MLU;
				INFOPLIST_FILE = ToDoList/Info.plist;
				LD_RUNPATH_SEARCH_PATHS = (
					"$(inherited)",
					"@executable_path/Frameworks",
				);
				PRODUCT_BUNDLE_IDENTIFIER = com.roypark.ToDoList;
				PRODUCT_NAME = "$(TARGET_NAME)";
				SWIFT_VERSION = 5.0;
				TARGETED_DEVICE_FAMILY = "1,2";
			};
			name = Release;
		};
/* End XCBuildConfiguration section */

/* Begin XCConfigurationList section */
		9737F632257AE95A0025A78E /* Build configuration list for PBXProject "ToDoList" */ = {
			isa = XCConfigurationList;
			buildConfigurations = (
				9737F649257AE95B0025A78E /* Debug */,
				9737F64A257AE95B0025A78E /* Release */,
			);
			defaultConfigurationIsVisible = 0;
			defaultConfigurationName = Release;
		};
		9737F64B257AE95B0025A78E /* Build configuration list for PBXNativeTarget "ToDoList" */ = {
			isa = XCConfigurationList;
			buildConfigurations = (
				9737F64C257AE95B0025A78E /* Debug */,
				9737F64D257AE95B0025A78E /* Release */,
			);
			defaultConfigurationIsVisible = 0;
			defaultConfigurationName = Release;
		};
/* End XCConfigurationList section */

/* Begin XCVersionGroup section */
		9737F680257B15E40025A78E /* DataModel.xcdatamodeld */ = {
			isa = XCVersionGroup;
			children = (
				9737F681257B15E40025A78E /* DataModel.xcdatamodel */,
			);
			currentVersion = 9737F681257B15E40025A78E /* DataModel.xcdatamodel */;
			path = DataModel.xcdatamodeld;
			sourceTree = "<group>";
			versionGroupType = wrapper.xcdatamodel;
		};
/* End XCVersionGroup section */
	};
	rootObject = 9737F62F257AE95A0025A78E /* Project object */;
}
